format = "theseus-evaluation-lock-v1"

[[bundles]]
bundle = "stale-read-campaign"

[[bundles.files]]
path = "campaign-result.json"
sha256 = "2d90c1bff7dc589b385f6fce726b628d7f03f70d1bb9a11effdd5d0a26a3f79e"
bytes = 948

[[bundles.files]]
path = "minimization.json"
sha256 = "de6bb5c27f203d79f9ee3e85bed787c721ceb9e62e2bc570cdb1cf9077446056"
bytes = 312
