format = "theseus-evaluation-lock-v1"

[[bundles]]
bundle = "stale-read-campaign"

[[bundles.files]]
path = "campaign-result.json"
sha256 = "51411c54f3c3cd663a94163d3a6fe370712000637bcc46ee7b39fb16727d75fc"
bytes = 701

[[bundles.files]]
path = "minimization.json"
sha256 = "de6bb5c27f203d79f9ee3e85bed787c721ceb9e62e2bc570cdb1cf9077446056"
bytes = 312
